
Microsoft Visual Studio Solution File, Format Version 12.00
# Visual Studio 14
VisualStudioVersion = 14.0.25420.1
MinimumVisualStudioVersion = 10.0.40219.1
Project("{FAE04EC0-301F-11D3-BF4B-00C04F79EFBC}") = "MultiCalc", "MultiCalc\MultiCalc.csproj", "{BAE8DA37-964D-4398-9BC9-EEB4CEAF66E3}"
EndProject
Project("{FAE04EC0-301F-11D3-BF4B-00C04F79EFBC}") = "MultiCalc.Tests", "MultiCalc.Tests\MultiCalc.Tests.csproj", "{BFF3D9D8-97E4-4BFE-8A58-E3B7A00E845D}"
EndProject
Global
	GlobalSection(SolutionConfigurationPlatforms) = preSolution
		Debug|Any CPU = Debug|Any CPU
		Release|Any CPU = Release|Any CPU
	EndGlobalSection
	GlobalSection(ProjectConfigurationPlatforms) = postSolution
		{BAE8DA37-964D-4398-9BC9-EEB4CEAF66E3}.Debug|Any CPU.ActiveCfg = Debug|Any CPU
		{BAE8DA37-964D-4398-9BC9-EEB4CEAF66E3}.Debug|Any CPU.Build.0 = Debug|Any CPU
		{BAE8DA37-964D-4398-9BC9-EEB4CEAF66E3}.Release|Any CPU.ActiveCfg = Release|Any CPU
		{BAE8DA37-964D-4398-9BC9-EEB4CEAF66E3}.Release|Any CPU.Build.0 = Release|Any CPU
		{BFF3D9D8-97E4-4BFE-8A58-E3B7A00E845D}.Debug|Any CPU.ActiveCfg = Debug|Any CPU
		{BFF3D9D8-97E4-4BFE-8A58-E3B7A00E845D}.Debug|Any CPU.Build.0 = Debug|Any CPU
		{BFF3D9D8-97E4-4BFE-8A58-E3B7A00E845D}.Release|Any CPU.ActiveCfg = Release|Any CPU
		{BFF3D9D8-97E4-4BFE-8A58-E3B7A00E845D}.Release|Any CPU.Build.0 = Release|Any CPU
	EndGlobalSection
	GlobalSection(SolutionProperties) = preSolution
		HideSolutionNode = FALSE
	EndGlobalSection
EndGlobal
